// !$*UTF8*$!
{
	archiveVersion = 1;
	classes = {
	};
	objectVersion = 55;
	objects = {

/* Begin PBXBuildFile section */
		BD2052B7286A4E7800CE63C3 /* AddToDoViewController.swift in Sources */ = {isa = PBXBuildFile; fileRef = BD2052B6286A4E7800CE63C3 /* AddToDoViewController.swift */; };
		BD3CA8BF2866451E009D6B09 /* AppDelegate.swift in Sources */ = {isa = PBXBuildFile; fileRef = BD3CA8BE2866451E009D6B09 /* AppDelegate.swift */; };
		BD3CA8C12866451E009D6B09 /* SceneDelegate.swift in Sources */ = {isa = PBXBuildFile; fileRef = BD3CA8C02866451E009D6B09 /* SceneDelegate.swift */; };
		BD3CA8C62866451E009D6B09 /* Main.storyboard in Resources */ = {isa = PBXBuildFile; fileRef = BD3CA8C42866451E009D6B09 /* Main.storyboard */; };
		BD3CA8C92866451E009D6B09 /* day5app.xcdatamodeld in Sources */ = {isa = PBXBuildFile; fileRef = BD3CA8C72866451E009D6B09 /* day5app.xcdatamodeld */; };
		BD3CA8CB2866451F009D6B09 /* Assets.xcassets in Resources */ = {isa = PBXBuildFile; fileRef = BD3CA8CA2866451F009D6B09 /* Assets.xcassets */; };
		BD3CA8CE2866451F009D6B09 /* LaunchScreen.storyboard in Resources */ = {isa = PBXBuildFile; fileRef = BD3CA8CC2866451F009D6B09 /* LaunchScreen.storyboard */; };
		BD3CA8D62866483A009D6B09 /* ToDoTableTableViewController.swift in Sources */ = {isa = PBXBuildFile; fileRef = BD3CA8D52866483A009D6B09 /* ToDoTableTableViewController.swift */; };
		BD3CA8D8286649AA009D6B09 /* ToDo.swift in Sources */ = {isa = PBXBuildFile; fileRef = BD3CA8D7286649AA009D6B09 /* ToDo.swift */; };
/* End PBXBuildFile section */

/* Begin PBXFileReference section */
		BD2052B6286A4E7800CE63C3 /* AddToDoViewController.swift */ = {isa = PBXFileReference; lastKnownFileType = sourcecode.swift; path = AddToDoViewController.swift; sourceTree = "<group>"; };
		BD3CA8BB2866451E009D6B09 /* day5app.app */ = {isa = PBXFileReference; explicitFileType = wrapper.application; includeInIndex = 0; path = day5app.app; sourceTree = BUILT_PRODUCTS_DIR; };
		BD3CA8BE2866451E009D6B09 /* AppDelegate.swift */ = {isa = PBXFileReference; lastKnownFileType = sourcecode.swift; path = AppDelegate.swift; sourceTree = "<group>"; };
		BD3CA8C02866451E009D6B09 /* SceneDelegate.swift */ = {isa = PBXFileReference; lastKnownFileType = sourcecode.swift; path = SceneDelegate.swift; sourceTree = "<group>"; };
		BD3CA8C52866451E009D6B09 /* Base */ = {isa = PBXFileReference; lastKnownFileType = file.storyboard; name = Base; path = Base.lproj/Main.storyboard; sourceTree = "<group>"; };
		BD3CA8C82866451E009D6B09 /* day5app.xcdatamodel */ = {isa = PBXFileReference; lastKnownFileType = wrapper.xcdatamodel; path = day5app.xcdatamodel; sourceTree = "<group>"; };
		BD3CA8CA2866451F009D6B09 /* Assets.xcassets */ = {isa = PBXFileReference; lastKnownFileType = folder.assetcatalog; path = Assets.xcassets; sourceTree = "<group>"; };
		BD3CA8CD2866451F009D6B09 /* Base */ = {isa = PBXFileReference; lastKnownFileType = file.storyboard; name = Base; path = Base.lproj/LaunchScreen.storyboard; sourceTree = "<group>"; };
		BD3CA8CF2866451F009D6B09 /* Info.plist */ = {isa = PBXFileReference; lastKnownFileType = text.plist.xml; path = Info.plist; sourceTree = "<group>"; };
		BD3CA8D52866483A009D6B09 /* ToDoTableTableViewController.swift */ = {isa = PBXFileReference; lastKnownFileType = sourcecode.swift; path = ToDoTableTableViewController.swift; sourceTree = "<group>"; };
		BD3CA8D7286649AA009D6B09 /* ToDo.swift */ = {isa = PBXFileReference; lastKnownFileType = sourcecode.swift; path = ToDo.swift; sourceTree = "<group>"; };
/* End PBXFileReference section */

/* Begin PBXFrameworksBuildPhase section */
		BD3CA8B82866451E009D6B09 /* Frameworks */ = {
			isa = PBXFrameworksBuildPhase;
			buildActionMask = 2147483647;
			files = (
			);
			runOnlyForDeploymentPostprocessing = 0;
		};
/* End PBXFrameworksBuildPhase section */

/* Begin PBXGroup section */
		BD3CA8B22866451E009D6B09 = {
			isa = PBXGroup;
			children = (
				BD2052B6286A4E7800CE63C3 /* AddToDoViewController.swift */,
				BD3CA8BD2866451E009D6B09 /* day5app */,
				BD3CA8BC2866451E009D6B09 /* Products */,
			);
			sourceTree = "<group>";
		};
		BD3CA8BC2866451E009D6B09 /* Products */ = {
			isa = PBXGroup;
			children = (
				BD3CA8BB2866451E009D6B09 /* day5app.app */,
			);
			name = Products;
			sourceTree = "<group>";
		};
		BD3CA8BD2866451E009D6B09 /* day5app */ = {
			isa = PBXGroup;
			children = (
				BD3CA8BE2866451E009D6B09 /* AppDelegate.swift */,
				BD3CA8C02866451E009D6B09 /* SceneDelegate.swift */,
				BD3CA8C42866451E009D6B09 /* Main.storyboard */,
				BD3CA8D7286649AA009D6B09 /* ToDo.swift */,
				BD3CA8D52866483A009D6B09 /* ToDoTableTableViewController.swift */,
				BD3CA8CA2866451F009D6B09 /* Assets.xcassets */,
				BD3CA8CC2866451F009D6B09 /* LaunchScreen.storyboard */,
				BD3CA8CF2866451F009D6B09 /* Info.plist */,
				BD3CA8C72866451E009D6B09 /* day5app.xcdatamodeld */,
			);
			path = day5app;
			sourceTree = "<group>";
		};
/* End PBXGroup section */

/* Begin PBXNativeTarget section */
		BD3CA8BA2866451E009D6B09 /* day5app */ = {
			isa = PBXNativeTarget;
			buildConfigurationList = BD3CA8D22866451F009D6B09 /* Build configuration list for PBXNativeTarget "day5app" */;
			buildPhases = (
				BD3CA8B72866451E009D6B09 /* Sources */,
				BD3CA8B82866451E009D6B09 /* Frameworks */,
				BD3CA8B92866451E009D6B09 /* Resources */,
			);
			buildRules = (
			);
			dependencies = (
			);
			name = day5app;
			productName = day5app;
			productReference = BD3CA8BB2866451E009D6B09 /* day5app.app */;
			productType = "com.apple.product-type.application";
		};
/* End PBXNativeTarget section */

/* Begin PBXProject section */
		BD3CA8B32866451E009D6B09 /* Project object */ = {
			isa = PBXProject;
			attributes = {
				BuildIndependentTargetsInParallel = 1;
				LastSwiftUpdateCheck = 1340;
				LastUpgradeCheck = 1340;
				TargetAttributes = {
					BD3CA8BA2866451E009D6B09 = {
						CreatedOnToolsVersion = 13.4;
					};
				};
			};
			buildConfigurationList = BD3CA8B62866451E009D6B09 /* Build configuration list for PBXProject "day5app" */;
			compatibilityVersion = "Xcode 13.0";
			developmentRegion = en;
			hasScannedForEncodings = 0;
			knownRegions = (
				en,
				Base,
			);
			mainGroup = BD3CA8B22866451E009D6B09;
			productRefGroup = BD3CA8BC2866451E009D6B09 /* Products */;
			projectDirPath = "";
			projectRoot = "";
			targets = (
				BD3CA8BA2866451E009D6B09 /* day5app */,
			);
		};
/* End PBXProject section */

/* Begin PBXResourcesBuildPhase section */
		BD3CA8B92866451E009D6B09 /* Resources */ = {
			isa = PBXResourcesBuildPhase;
			buildActionMask = 2147483647;
			files = (
				BD3CA8CE2866451F009D6B09 /* LaunchScreen.storyboard in Resources */,
				BD3CA8CB2866451F009D6B09 /* Assets.xcassets in Resources */,
				BD3CA8C62866451E009D6B09 /* Main.storyboard in Resources */,
			);
			runOnlyForDeploymentPostprocessing = 0;
		};
/* End PBXResourcesBuildPhase section */

/* Begin PBXSourcesBuildPhase section */
		BD3CA8B72866451E009D6B09 /* Sources */ = {
			isa = PBXSourcesBuildPhase;
			buildActionMask = 2147483647;
			files = (
				BD3CA8C92866451E009D6B09 /* day5app.xcdatamodeld in Sources */,
				BD3CA8D8286649AA009D6B09 /* ToDo.swift in Sources */,
				BD3CA8BF2866451E009D6B09 /* AppDelegate.swift in Sources */,
				BD3CA8D62866483A009D6B09 /* ToDoTableTableViewController.swift in Sources */,
				BD2052B7286A4E7800CE63C3 /* AddToDoViewController.swift in Sources */,
				BD3CA8C12866451E009D6B09 /* SceneDelegate.swift in Sources */,
			);
			runOnlyForDeploymentPostprocessing = 0;
		};
/* End PBXSourcesBuildPhase section */

/* Begin PBXVariantGroup section */
		BD3CA8C42866451E009D6B09 /* Main.storyboard */ = {
			isa = PBXVariantGroup;
			children = (
				BD3CA8C52866451E009D6B09 /* Base */,
			);
			name = Main.storyboard;
			sourceTree = "<group>";
		};
		BD3CA8CC2866451F009D6B09 /* LaunchScreen.storyboard */ = {
			isa = PBXVariantGroup;
			children = (
				BD3CA8CD2866451F009D6B09 /* Base */,
			);
			name = LaunchScreen.storyboard;
			sourceTree = "<group>";
		};
/* End PBXVariantGroup section */

/* Begin XCBuildConfiguration section */
		BD3CA8D02866451F009D6B09 /* Debug */ = {
			isa = XCBuildConfiguration;
			buildSettings = {
				ALWAYS_SEARCH_USER_PATHS = NO;
				CLANG_ANALYZER_NONNULL = YES;
				CLANG_ANALYZER_NUMBER_OBJECT_CONVERSION = YES_AGGRESSIVE;
				CLANG_CXX_LANGUAGE_STANDARD = "gnu++17";
				CLANG_ENABLE_MODULES = YES;
				CLANG_ENABLE_OBJC_ARC = YES;
				CLANG_ENABLE_OBJC_WEAK = YES;
				CLANG_WARN_BLOCK_CAPTURE_AUTORELEASING = YES;
				CLANG_WARN_BOOL_CONVERSION = YES;
				CLANG_WARN_COMMA = YES;
				CLANG_WARN_CONSTANT_CONVERSION = YES;
				CLANG_WARN_DEPRECATED_OBJC_IMPLEMENTATIONS = YES;
				CLANG_WARN_DIRECT_OBJC_ISA_USAGE = YES_ERROR;
				CLANG_WARN_DOCUMENTATION_COMMENTS = YES;
				CLANG_WARN_EMPTY_BODY = YES;
				CLANG_WARN_ENUM_CONVERSION = YES;
				CLANG_WARN_INFINITE_RECURSION = YES;
				CLANG_WARN_INT_CONVERSION = YES;
				CLANG_WARN_NON_LITERAL_NULL_CONVERSION = YES;
				CLANG_WARN_OBJC_IMPLICIT_RETAIN_SELF = YES;
				CLANG_WARN_OBJC_LITERAL_CONVERSION = YES;
				CLANG_WARN_OBJC_ROOT_CLASS = YES_ERROR;
				CLANG_WARN_QUOTED_INCLUDE_IN_FRAMEWORK_HEADER = YES;
				CLANG_WARN_RANGE_LOOP_ANALYSIS = YES;
				CLANG_WARN_STRICT_PROTOTYPES = YES;
				CLANG_WARN_SUSPICIOUS_MOVE = YES;
				CLANG_WARN_UNGUARDED_AVAILABILITY = YES_AGGRESSIVE;
				CLANG_WARN_UNREACHABLE_CODE = YES;
				CLANG_WARN__DUPLICATE_METHOD_MATCH = YES;
				COPY_PHASE_STRIP = NO;
				DEBUG_INFORMATION_FORMAT = dwarf;
				ENABLE_STRICT_OBJC_MSGSEND = YES;
				ENABLE_TESTABILITY = YES;
				GCC_C_LANGUAGE_STANDARD = gnu11;
				GCC_DYNAMIC_NO_PIC = NO;
				GCC_NO_COMMON_BLOCKS = YES;
				GCC_OPTIMIZATION_LEVEL = 0;
				GCC_PREPROCESSOR_DEFINITIONS = (
					"DEBUG=1",
					"$(inherited)",
				);
				GCC_WARN_64_TO_32_BIT_CONVERSION = YES;
				GCC_WARN_ABOUT_RETURN_TYPE = YES_ERROR;
				GCC_WARN_UNDECLARED_SELECTOR = YES;
				GCC_WARN_UNINITIALIZED_AUTOS = YES_AGGRESSIVE;
				GCC_WARN_UNUSED_FUNCTION = YES;
				GCC_WARN_UNUSED_VARIABLE = YES;
				IPHONEOS_DEPLOYMENT_TARGET = 15.5;
				MTL_ENABLE_DEBUG_INFO = INCLUDE_SOURCE;
				MTL_FAST_MATH = YES;
				ONLY_ACTIVE_ARCH = YES;
				SDKROOT = iphoneos;
				SWIFT_ACTIVE_COMPILATION_CONDITIONS = DEBUG;
				SWIFT_OPTIMIZATION_LEVEL = "-Onone";
			};
			name = Debug;
		};
		BD3CA8D12866451F009D6B09 /* Release */ = {
			isa = XCBuildConfiguration;
			buildSettings = {
				ALWAYS_SEARCH_USER_PATHS = NO;
				CLANG_ANALYZER_NONNULL = YES;
				CLANG_ANALYZER_NUMBER_OBJECT_CONVERSION = YES_AGGRESSIVE;
				CLANG_CXX_LANGUAGE_STANDARD = "gnu++17";
				CLANG_ENABLE_MODULES = YES;
				CLANG_ENABLE_OBJC_ARC = YES;
				CLANG_ENABLE_OBJC_WEAK = YES;
				CLANG_WARN_BLOCK_CAPTURE_AUTORELEASING = YES;
				CLANG_WARN_BOOL_CONVERSION = YES;
				CLANG_WARN_COMMA = YES;
				CLANG_WARN_CONSTANT_CONVERSION = YES;
				CLANG_WARN_DEPRECATED_OBJC_IMPLEMENTATIONS = YES;
				CLANG_WARN_DIRECT_OBJC_ISA_USAGE = YES_ERROR;
				CLANG_WARN_DOCUMENTATION_COMMENTS = YES;
				CLANG_WARN_EMPTY_BODY = YES;
				CLANG_WARN_ENUM_CONVERSION = YES;
				CLANG_WARN_INFINITE_RECURSION = YES;
				CLANG_WARN_INT_CONVERSION = YES;
				CLANG_WARN_NON_LITERAL_NULL_CONVERSION = YES;
				CLANG_WARN_OBJC_IMPLICIT_RETAIN_SELF = YES;
				CLANG_WARN_OBJC_LITERAL_CONVERSION = YES;
				CLANG_WARN_OBJC_ROOT_CLASS = YES_ERROR;
				CLANG_WARN_QUOTED_INCLUDE_IN_FRAMEWORK_HEADER = YES;
				CLANG_WARN_RANGE_LOOP_ANALYSIS = YES;
				CLANG_WARN_STRICT_PROTOTYPES = YES;
				CLANG_WARN_SUSPICIOUS_MOVE = YES;
				CLANG_WARN_UNGUARDED_AVAILABILITY = YES_AGGRESSIVE;
				CLANG_WARN_UNREACHABLE_CODE = YES;
				CLANG_WARN__DUPLICATE_METHOD_MATCH = YES;
				COPY_PHASE_STRIP = NO;
				DEBUG_INFORMATION_FORMAT = "dwarf-with-dsym";
				ENABLE_NS_ASSERTIONS = NO;
				ENABLE_STRICT_OBJC_MSGSEND = YES;
				GCC_C_LANGUAGE_STANDARD = gnu11;
				GCC_NO_COMMON_BLOCKS = YES;
				GCC_WARN_64_TO_32_BIT_CONVERSION = YES;
				GCC_WARN_ABOUT_RETURN_TYPE = YES_ERROR;
				GCC_WARN_UNDECLARED_SELECTOR = YES;
				GCC_WARN_UNINITIALIZED_AUTOS = YES_AGGRESSIVE;
				GCC_WARN_UNUSED_FUNCTION = YES;
				GCC_WARN_UNUSED_VARIABLE = YES;
				IPHONEOS_DEPLOYMENT_TARGET = 15.5;
				MTL_ENABLE_DEBUG_INFO = NO;
				MTL_FAST_MATH = YES;
				SDKROOT = iphoneos;
				SWIFT_COMPILATION_MODE = wholemodule;
				SWIFT_OPTIMIZATION_LEVEL = "-O";
				VALIDATE_PRODUCT = YES;
			};
			name = Release;
		};
		BD3CA8D32866451F009D6B09 /* Debug */ = {
			isa = XCBuildConfiguration;
			buildSettings = {
				ASSETCATALOG_COMPILER_APPICON_NAME = AppIcon;
				ASSETCATALOG_COMPILER_GLOBAL_ACCENT_COLOR_NAME = AccentColor;
				CODE_SIGN_STYLE = Automatic;
				CURRENT_PROJECT_VERSION = 1;
				DEVELOPMENT_TEAM = 6TXU247JRA;
				GENERATE_INFOPLIST_FILE = YES;
				INFOPLIST_FILE = day5app/Info.plist;
				INFOPLIST_KEY_UIApplicationSupportsIndirectInputEvents = YES;
				INFOPLIST_KEY_UILaunchStoryboardName = LaunchScreen;
				INFOPLIST_KEY_UIMainStoryboardFile = Main;
				INFOPLIST_KEY_UISupportedInterfaceOrientations_iPad = "UIInterfaceOrientationPortrait UIInterfaceOrientationPortraitUpsideDown UIInterfaceOrientationLandscapeLeft UIInterfaceOrientationLandscapeRight";
				INFOPLIST_KEY_UISupportedInterfaceOrientations_iPhone = "UIInterfaceOrientationPortrait UIInterfaceOrientationLandscapeLeft UIInterfaceOrientationLandscapeRight";
				LD_RUNPATH_SEARCH_PATHS = (
					"$(inherited)",
					"@executable_path/Frameworks",
				);
				MARKETING_VERSION = 1.0;
				PRODUCT_BUNDLE_IDENTIFIER = KWK.day5app;
				PRODUCT_NAME = "$(TARGET_NAME)";
				SWIFT_EMIT_LOC_STRINGS = YES;
				SWIFT_VERSION = 5.0;
				TARGETED_DEVICE_FAMILY = "1,2";
			};
			name = Debug;
		};
		BD3CA8D42866451F009D6B09 /* Release */ = {
			isa = XCBuildConfiguration;
			buildSettings = {
				ASSETCATALOG_COMPILER_APPICON_NAME = AppIcon;
				ASSETCATALOG_COMPILER_GLOBAL_ACCENT_COLOR_NAME = AccentColor;
				CODE_SIGN_STYLE = Automatic;
				CURRENT_PROJECT_VERSION = 1;
				DEVELOPMENT_TEAM = 6TXU247JRA;
				GENERATE_INFOPLIST_FILE = YES;
				INFOPLIST_FILE = day5app/Info.plist;
				INFOPLIST_KEY_UIApplicationSupportsIndirectInputEvents = YES;
				INFOPLIST_KEY_UILaunchStoryboardName = LaunchScreen;
				INFOPLIST_KEY_UIMainStoryboardFile = Main;
				INFOPLIST_KEY_UISupportedInterfaceOrientations_iPad = "UIInterfaceOrientationPortrait UIInterfaceOrientationPortraitUpsideDown UIInterfaceOrientationLandscapeLeft UIInterfaceOrientationLandscapeRight";
				INFOPLIST_KEY_UISupportedInterfaceOrientations_iPhone = "UIInterfaceOrientationPortrait UIInterfaceOrientationLandscapeLeft UIInterfaceOrientationLandscapeRight";
				LD_RUNPATH_SEARCH_PATHS = (
					"$(inherited)",
					"@executable_path/Frameworks",
				);
				MARKETING_VERSION = 1.0;
				PRODUCT_BUNDLE_IDENTIFIER = KWK.day5app;
				PRODUCT_NAME = "$(TARGET_NAME)";
				SWIFT_EMIT_LOC_STRINGS = YES;
				SWIFT_VERSION = 5.0;
				TARGETED_DEVICE_FAMILY = "1,2";
			};
			name = Release;
		};
/* End XCBuildConfiguration section */

/* Begin XCConfigurationList section */
		BD3CA8B62866451E009D6B09 /* Build configuration list for PBXProject "day5app" */ = {
			isa = XCConfigurationList;
			buildConfigurations = (
				BD3CA8D02866451F009D6B09 /* Debug */,
				BD3CA8D12866451F009D6B09 /* Release */,
			);
			defaultConfigurationIsVisible = 0;
			defaultConfigurationName = Release;
		};
		BD3CA8D22866451F009D6B09 /* Build configuration list for PBXNativeTarget "day5app" */ = {
			isa = XCConfigurationList;
			buildConfigurations = (
				BD3CA8D32866451F009D6B09 /* Debug */,
				BD3CA8D42866451F009D6B09 /* Release */,
			);
			defaultConfigurationIsVisible = 0;
			defaultConfigurationName = Release;
		};
/* End XCConfigurationList section */

/* Begin XCVersionGroup section */
		BD3CA8C72866451E009D6B09 /* day5app.xcdatamodeld */ = {
			isa = XCVersionGroup;
			children = (
				BD3CA8C82866451E009D6B09 /* day5app.xcdatamodel */,
			);
			currentVersion = BD3CA8C82866451E009D6B09 /* day5app.xcdatamodel */;
			path = day5app.xcdatamodeld;
			sourceTree = "<group>";
			versionGroupType = wrapper.xcdatamodel;
		};
/* End XCVersionGroup section */
	};
	rootObject = BD3CA8B32866451E009D6B09 /* Project object */;
}
